lockfileVersion: '9.0'

settings:
  autoInstallPeers: true
  excludeLinksFromLockfile: false

importers:

  .:
    dependencies:
      '@google/generative-ai':
        specifier: ^0.14.1
        version: 0.14.1
      dotenv:
        specifier: ^16.4.5
        version: 16.4.5

packages:

  '@google/generative-ai@0.14.1':
    resolution: {integrity: sha512-pevEyZCb0Oc+dYNlSberW8oZBm4ofeTD5wN01TowQMhTwdAbGAnJMtQzoklh6Blq2AKsx8Ox6FWa44KioZLZiA==}
    engines: {node: '>=18.0.0'}

  dotenv@16.4.5:
    resolution: {integrity: sha512-ZmdL2rui+eB2YwhsWzjInR8LldtZHGDoQ1ugH85ppHKwpUHL7j7rN0Ti9NCnGiQbhaZ11FpR+7ao1dNsmduNUg==}
    engines: {node: '>=12'}

snapshots:

  '@google/generative-ai@0.14.1': {}

  dotenv@16.4.5: {}
